
Microsoft Visual Studio Solution File, Format Version 12.00
# Visual Studio Version 16
VisualStudioVersion = 16.0.29613.14
MinimumVisualStudioVersion = 10.0.40219.1
Project("{9A19103F-16F7-4668-BE54-9A1E7A4F7556}") = "ERP", "ERP\ERP.csproj", "{195F8080-646C-40EA-83B8-C722E35F7AC1}"
EndProject
Project("{9A19103F-16F7-4668-BE54-9A1E7A4F7556}") = "ERP.Domain", "ERP.Domain\ERP.Domain.csproj", "{D88894C6-23A5-4D0D-9F31-DBB977BB6FFB}"
EndProject
Project("{9A19103F-16F7-4668-BE54-9A1E7A4F7556}") = "ERP.Infrastructure", "ERP.Infrastructure\ERP.Infrastructure.csproj", "{AE335AEB-9039-4394-9C36-CE47BC6AD6EE}"
EndProject
Project("{9A19103F-16F7-4668-BE54-9A1E7A4F7556}") = "ERP.Persistence", "ERP.Persistence\ERP.Persistence.csproj", "{BFB15B7E-F7B8-4A5C-A201-0144AE51F803}"
EndProject
Project("{9A19103F-16F7-4668-BE54-9A1E7A4F7556}") = "ERP.Service", "ERP.Service\ERP.Service.csproj", "{F2108696-B217-4ABB-BFA9-AFCCD452722A}"
EndProject
Global
	GlobalSection(SolutionConfigurationPlatforms) = preSolution
		Debug|Any CPU = Debug|Any CPU
		Release|Any CPU = Release|Any CPU
	EndGlobalSection
	GlobalSection(ProjectConfigurationPlatforms) = postSolution
		{195F8080-646C-40EA-83B8-C722E35F7AC1}.Debug|Any CPU.ActiveCfg = Debug|Any CPU
		{195F8080-646C-40EA-83B8-C722E35F7AC1}.Debug|Any CPU.Build.0 = Debug|Any CPU
		{195F8080-646C-40EA-83B8-C722E35F7AC1}.Release|Any CPU.ActiveCfg = Release|Any CPU
		{195F8080-646C-40EA-83B8-C722E35F7AC1}.Release|Any CPU.Build.0 = Release|Any CPU
		{D88894C6-23A5-4D0D-9F31-DBB977BB6FFB}.Debug|Any CPU.ActiveCfg = Debug|Any CPU
		{D88894C6-23A5-4D0D-9F31-DBB977BB6FFB}.Debug|Any CPU.Build.0 = Debug|Any CPU
		{D88894C6-23A5-4D0D-9F31-DBB977BB6FFB}.Release|Any CPU.ActiveCfg = Release|Any CPU
		{D88894C6-23A5-4D0D-9F31-DBB977BB6FFB}.Release|Any CPU.Build.0 = Release|Any CPU
		{AE335AEB-9039-4394-9C36-CE47BC6AD6EE}.Debug|Any CPU.ActiveCfg = Debug|Any CPU
		{AE335AEB-9039-4394-9C36-CE47BC6AD6EE}.Debug|Any CPU.Build.0 = Debug|Any CPU
		{AE335AEB-9039-4394-9C36-CE47BC6AD6EE}.Release|Any CPU.ActiveCfg = Release|Any CPU
		{AE335AEB-9039-4394-9C36-CE47BC6AD6EE}.Release|Any CPU.Build.0 = Release|Any CPU
		{BFB15B7E-F7B8-4A5C-A201-0144AE51F803}.Debug|Any CPU.ActiveCfg = Debug|Any CPU
		{BFB15B7E-F7B8-4A5C-A201-0144AE51F803}.Debug|Any CPU.Build.0 = Debug|Any CPU
		{BFB15B7E-F7B8-4A5C-A201-0144AE51F803}.Release|Any CPU.ActiveCfg = Release|Any CPU
		{BFB15B7E-F7B8-4A5C-A201-0144AE51F803}.Release|Any CPU.Build.0 = Release|Any CPU
		{F2108696-B217-4ABB-BFA9-AFCCD452722A}.Debug|Any CPU.ActiveCfg = Debug|Any CPU
		{F2108696-B217-4ABB-BFA9-AFCCD452722A}.Debug|Any CPU.Build.0 = Debug|Any CPU
		{F2108696-B217-4ABB-BFA9-AFCCD452722A}.Release|Any CPU.ActiveCfg = Release|Any CPU
		{F2108696-B217-4ABB-BFA9-AFCCD452722A}.Release|Any CPU.Build.0 = Release|Any CPU
	EndGlobalSection
	GlobalSection(SolutionProperties) = preSolution
		HideSolutionNode = FALSE
	EndGlobalSection
	GlobalSection(ExtensibilityGlobals) = postSolution
		SolutionGuid = {F0E10449-A0DB-47F9-B0D8-4535157E2D1D}
	EndGlobalSection
EndGlobal
